// !$*UTF8*$!
{
	archiveVersion = 1;
	classes = {
	};
	objectVersion = 77;
	objects = {

/* Begin PBXContainerItemProxy section */
		494C8F532CD05DD50025C3F8 /* PBXContainerItemProxy */ = {
			isa = PBXContainerItemProxy;
			containerPortal = 494C8F362CD05DD30025C3F8 /* Project object */;
			proxyType = 1;
			remoteGlobalIDString = 494C8F3D2CD05DD30025C3F8;
			remoteInfo = Ursafit;
		};
		494C8F5D2CD05DD50025C3F8 /* PBXContainerItemProxy */ = {
			isa = PBXContainerItemProxy;
			containerPortal = 494C8F362CD05DD30025C3F8 /* Project object */;
			proxyType = 1;
			remoteGlobalIDString = 494C8F3D2CD05DD30025C3F8;
			remoteInfo = Ursafit;
		};
/* End PBXContainerItemProxy section */

/* Begin PBXFileReference section */
		494C8F3E2CD05DD30025C3F8 /* Ursafit.app */ = {isa = PBXFileReference; explicitFileType = wrapper.application; includeInIndex = 0; path = Ursafit.app; sourceTree = BUILT_PRODUCTS_DIR; };
		494C8F522CD05DD50025C3F8 /* UrsafitTests.xctest */ = {isa = PBXFileReference; explicitFileType = wrapper.cfbundle; includeInIndex = 0; path = UrsafitTests.xctest; sourceTree = BUILT_PRODUCTS_DIR; };
		494C8F5C2CD05DD50025C3F8 /* UrsafitUITests.xctest */ = {isa = PBXFileReference; explicitFileType = wrapper.cfbundle; includeInIndex = 0; path = UrsafitUITests.xctest; sourceTree = BUILT_PRODUCTS_DIR; };
/* End PBXFileReference section */

/* Begin PBXFileSystemSynchronizedBuildFileExceptionSet section */
		494C8F642CD05DD50025C3F8 /* Exceptions for "Ursafit" folder in "Ursafit" target */ = {
			isa = PBXFileSystemSynchronizedBuildFileExceptionSet;
			membershipExceptions = (
				Info.plist,
			);
			target = 494C8F3D2CD05DD30025C3F8 /* Ursafit */;
		};
/* End PBXFileSystemSynchronizedBuildFileExceptionSet section */

/* Begin PBXFileSystemSynchronizedRootGroup section */
		494C8F402CD05DD30025C3F8 /* Ursafit */ = {
			isa = PBXFileSystemSynchronizedRootGroup;
			exceptions = (
				494C8F642CD05DD50025C3F8 /* Exceptions for "Ursafit" folder in "Ursafit" target */,
			);
			path = Ursafit;
			sourceTree = "<group>";
		};
		494C8F552CD05DD50025C3F8 /* UrsafitTests */ = {
			isa = PBXFileSystemSynchronizedRootGroup;
			path = UrsafitTests;
			sourceTree = "<group>";
		};
		494C8F5F2CD05DD50025C3F8 /* UrsafitUITests */ = {
			isa = PBXFileSystemSynchronizedRootGroup;
			path = UrsafitUITests;
			sourceTree = "<group>";
		};
/* End PBXFileSystemSynchronizedRootGroup section */

/* Begin PBXFrameworksBuildPhase section */
		494C8F3B2CD05DD30025C3F8 /* Frameworks */ = {
			isa = PBXFrameworksBuildPhase;
			buildActionMask = 2147483647;
			files = (
			);
			runOnlyForDeploymentPostprocessing = 0;
		};
		494C8F4F2CD05DD50025C3F8 /* Frameworks */ = {
			isa = PBXFrameworksBuildPhase;
			buildActionMask = 2147483647;
			files = (
			);
			runOnlyForDeploymentPostprocessing = 0;
		};
		494C8F592CD05DD50025C3F8 /* Frameworks */ = {
			isa = PBXFrameworksBuildPhase;
			buildActionMask = 2147483647;
			files = (
			);
			runOnlyForDeploymentPostprocessing = 0;
		};
/* End PBXFrameworksBuildPhase section */

/* Begin PBXGroup section */
		494C8F352CD05DD30025C3F8 = {
			isa = PBXGroup;
			children = (
				494C8F402CD05DD30025C3F8 /* Ursafit */,
				494C8F552CD05DD50025C3F8 /* UrsafitTests */,
				494C8F5F2CD05DD50025C3F8 /* UrsafitUITests */,
				494C8F3F2CD05DD30025C3F8 /* Products */,
			);
			sourceTree = "<group>";
		};
		494C8F3F2CD05DD30025C3F8 /* Products */ = {
			isa = PBXGroup;
			children = (
				494C8F3E2CD05DD30025C3F8 /* Ursafit.app */,
				494C8F522CD05DD50025C3F8 /* UrsafitTests.xctest */,
				494C8F5C2CD05DD50025C3F8 /* UrsafitUITests.xctest */,
			);
			name = Products;
			sourceTree = "<group>";
		};
/* End PBXGroup section */

/* Begin PBXNativeTarget section */
		494C8F3D2CD05DD30025C3F8 /* Ursafit */ = {
			isa = PBXNativeTarget;
			buildConfigurationList = 494C8F652CD05DD50025C3F8 /* Build configuration list for PBXNativeTarget "Ursafit" */;
			buildPhases = (
				494C8F3A2CD05DD30025C3F8 /* Sources */,
				494C8F3B2CD05DD30025C3F8 /* Frameworks */,
				494C8F3C2CD05DD30025C3F8 /* Resources */,
			);
			buildRules = (
			);
			dependencies = (
			);
			fileSystemSynchronizedGroups = (
				494C8F402CD05DD30025C3F8 /* Ursafit */,
			);
			name = Ursafit;
			packageProductDependencies = (
			);
			productName = Ursafit;
			productReference = 494C8F3E2CD05DD30025C3F8 /* Ursafit.app */;
			productType = "com.apple.product-type.application";
		};
		494C8F512CD05DD50025C3F8 /* UrsafitTests */ = {
			isa = PBXNativeTarget;
			buildConfigurationList = 494C8F6A2CD05DD50025C3F8 /* Build configuration list for PBXNativeTarget "UrsafitTests" */;
			buildPhases = (
				494C8F4E2CD05DD50025C3F8 /* Sources */,
				494C8F4F2CD05DD50025C3F8 /* Frameworks */,
				494C8F502CD05DD50025C3F8 /* Resources */,
			);
			buildRules = (
			);
			dependencies = (
				494C8F542CD05DD50025C3F8 /* PBXTargetDependency */,
			);
			fileSystemSynchronizedGroups = (
				494C8F552CD05DD50025C3F8 /* UrsafitTests */,
			);
			name = UrsafitTests;
			packageProductDependencies = (
			);
			productName = UrsafitTests;
			productReference = 494C8F522CD05DD50025C3F8 /* UrsafitTests.xctest */;
			productType = "com.apple.product-type.bundle.unit-test";
		};
		494C8F5B2CD05DD50025C3F8 /* UrsafitUITests */ = {
			isa = PBXNativeTarget;
			buildConfigurationList = 494C8F6D2CD05DD50025C3F8 /* Build configuration list for PBXNativeTarget "UrsafitUITests" */;
			buildPhases = (
				494C8F582CD05DD50025C3F8 /* Sources */,
				494C8F592CD05DD50025C3F8 /* Frameworks */,
				494C8F5A2CD05DD50025C3F8 /* Resources */,
			);
			buildRules = (
			);
			dependencies = (
				494C8F5E2CD05DD50025C3F8 /* PBXTargetDependency */,
			);
			fileSystemSynchronizedGroups = (
				494C8F5F2CD05DD50025C3F8 /* UrsafitUITests */,
			);
			name = UrsafitUITests;
			packageProductDependencies = (
			);
			productName = UrsafitUITests;
			productReference = 494C8F5C2CD05DD50025C3F8 /* UrsafitUITests.xctest */;
			productType = "com.apple.product-type.bundle.ui-testing";
		};
/* End PBXNativeTarget section */

/* Begin PBXProject section */
		494C8F362CD05DD30025C3F8 /* Project object */ = {
			isa = PBXProject;
			attributes = {
				BuildIndependentTargetsInParallel = 1;
				LastSwiftUpdateCheck = 1600;
				LastUpgradeCheck = 1600;
				TargetAttributes = {
					494C8F3D2CD05DD30025C3F8 = {
						CreatedOnToolsVersion = 16.0;
					};
					494C8F512CD05DD50025C3F8 = {
						CreatedOnToolsVersion = 16.0;
						TestTargetID = 494C8F3D2CD05DD30025C3F8;
					};
					494C8F5B2CD05DD50025C3F8 = {
						CreatedOnToolsVersion = 16.0;
						TestTargetID = 494C8F3D2CD05DD30025C3F8;
					};
				};
			};
			buildConfigurationList = 494C8F392CD05DD30025C3F8 /* Build configuration list for PBXProject "Ursafit" */;
			developmentRegion = en;
			hasScannedForEncodings = 0;
			knownRegions = (
				en,
				Base,
			);
			mainGroup = 494C8F352CD05DD30025C3F8;
			minimizedProjectReferenceProxies = 1;
			preferredProjectObjectVersion = 77;
			productRefGroup = 494C8F3F2CD05DD30025C3F8 /* Products */;
			projectDirPath = "";
			projectRoot = "";
			targets = (
				494C8F3D2CD05DD30025C3F8 /* Ursafit */,
				494C8F512CD05DD50025C3F8 /* UrsafitTests */,
				494C8F5B2CD05DD50025C3F8 /* UrsafitUITests */,
			);
		};
/* End PBXProject section */

/* Begin PBXResourcesBuildPhase section */
		494C8F3C2CD05DD30025C3F8 /* Resources */ = {
			isa = PBXResourcesBuildPhase;
			buildActionMask = 2147483647;
			files = (
			);
			runOnlyForDeploymentPostprocessing = 0;
		};
		494C8F502CD05DD50025C3F8 /* Resources */ = {
			isa = PBXResourcesBuildPhase;
			buildActionMask = 2147483647;
			files = (
			);
			runOnlyForDeploymentPostprocessing = 0;
		};
		494C8F5A2CD05DD50025C3F8 /* Resources */ = {
			isa = PBXResourcesBuildPhase;
			buildActionMask = 2147483647;
			files = (
			);
			runOnlyForDeploymentPostprocessing = 0;
		};
/* End PBXResourcesBuildPhase section */

/* Begin PBXSourcesBuildPhase section */
		494C8F3A2CD05DD30025C3F8 /* Sources */ = {
			isa = PBXSourcesBuildPhase;
			buildActionMask = 2147483647;
			files = (
			);
			runOnlyForDeploymentPostprocessing = 0;
		};
		494C8F4E2CD05DD50025C3F8 /* Sources */ = {
			isa = PBXSourcesBuildPhase;
			buildActionMask = 2147483647;
			files = (
			);
			runOnlyForDeploymentPostprocessing = 0;
		};
		494C8F582CD05DD50025C3F8 /* Sources */ = {
			isa = PBXSourcesBuildPhase;
			buildActionMask = 2147483647;
			files = (
			);
			runOnlyForDeploymentPostprocessing = 0;
		};
/* End PBXSourcesBuildPhase section */

/* Begin PBXTargetDependency section */
		494C8F542CD05DD50025C3F8 /* PBXTargetDependency */ = {
			isa = PBXTargetDependency;
			target = 494C8F3D2CD05DD30025C3F8 /* Ursafit */;
			targetProxy = 494C8F532CD05DD50025C3F8 /* PBXContainerItemProxy */;
		};
		494C8F5E2CD05DD50025C3F8 /* PBXTargetDependency */ = {
			isa = PBXTargetDependency;
			target = 494C8F3D2CD05DD30025C3F8 /* Ursafit */;
			targetProxy = 494C8F5D2CD05DD50025C3F8 /* PBXContainerItemProxy */;
		};
/* End PBXTargetDependency section */

/* Begin XCBuildConfiguration section */
		494C8F662CD05DD50025C3F8 /* Debug */ = {
			isa = XCBuildConfiguration;
			buildSettings = {
				ASSETCATALOG_COMPILER_APPICON_NAME = AppIcon;
				ASSETCATALOG_COMPILER_GLOBAL_ACCENT_COLOR_NAME = AccentColor;
				CODE_SIGN_ENTITLEMENTS = Ursafit/Ursafit.entitlements;
				CODE_SIGN_STYLE = Automatic;
				CURRENT_PROJECT_VERSION = 1;
				DEVELOPMENT_ASSET_PATHS = "\"Ursafit/Preview Content\"";
				DEVELOPMENT_TEAM = 7F84AMFD5K;
				ENABLE_PREVIEWS = YES;
				GENERATE_INFOPLIST_FILE = YES;
				INFOPLIST_FILE = Ursafit/Info.plist;
				INFOPLIST_KEY_CFBundleDisplayName = UrsaFit;
				INFOPLIST_KEY_LSApplicationCategoryType = "public.app-category.healthcare-fitness";
				INFOPLIST_KEY_NSHealthShareUsageDescription = "\"UrsaFit needs access to your health data to track your workouts and maintain your streak\"";
				INFOPLIST_KEY_NSHealthUpdateUsageDescription = "\"UrsaFit needs permission to save your workouts to HealthKit\"";
				INFOPLIST_KEY_UIApplicationSceneManifest_Generation = YES;
				INFOPLIST_KEY_UIApplicationSupportsIndirectInputEvents = YES;
				INFOPLIST_KEY_UILaunchScreen_Generation = YES;
				INFOPLIST_KEY_UISupportedInterfaceOrientations = UIInterfaceOrientationPortrait;
				INFOPLIST_KEY_UISupportedInterfaceOrientations_iPad = "UIInterfaceOrientationLandscapeLeft UIInterfaceOrientationLandscapeRight UIInterfaceOrientationPortrait UIInterfaceOrientationPortraitUpsideDown";
				IPHONEOS_DEPLOYMENT_TARGET = 17.5;
				"IPHONEOS_DEPLOYMENT_TARGET[sdk=iphoneos*]" = 17.5;
				LD_RUNPATH_SEARCH_PATHS = (
					"$(inherited)",
					"@executable_path/Frameworks",
				);
				MARKETING_VERSION = 1.0;
				PRODUCT_BUNDLE_IDENTIFIER = COSC435.Ursafit;
				PRODUCT_NAME = "$(TARGET_NAME)";
				SUPPORTED_PLATFORMS = "iphoneos iphonesimulator";
				SUPPORTS_MACCATALYST = NO;
				SUPPORTS_MAC_DESIGNED_FOR_IPHONE_IPAD = NO;
				SUPPORTS_XR_DESIGNED_FOR_IPHONE_IPAD = NO;
				SWIFT_EMIT_LOC_STRINGS = YES;
				SWIFT_VERSION = 5.0;
				TARGETED_DEVICE_FAMILY = 1;
			};
			name = Debug;
		};
		494C8F672CD05DD50025C3F8 /* Release */ = {
			isa = XCBuildConfiguration;
			buildSettings = {
				ASSETCATALOG_COMPILER_APPICON_NAME = AppIcon;
				ASSETCATALOG_COMPILER_GLOBAL_ACCENT_COLOR_NAME = AccentColor;
				CODE_SIGN_ENTITLEMENTS = Ursafit/Ursafit.entitlements;
				CODE_SIGN_STYLE = Automatic;
				CURRENT_PROJECT_VERSION = 1;
				DEVELOPMENT_ASSET_PATHS = "\"Ursafit/Preview Content\"";
				DEVELOPMENT_TEAM = 7F84AMFD5K;
				ENABLE_PREVIEWS = YES;
				GENERATE_INFOPLIST_FILE = YES;
				INFOPLIST_FILE = Ursafit/Info.plist;
				INFOPLIST_KEY_CFBundleDisplayName = UrsaFit;
				INFOPLIST_KEY_LSApplicationCategoryType = "public.app-category.healthcare-fitness";
				INFOPLIST_KEY_NSHealthShareUsageDescription = "\"UrsaFit needs access to your health data to track your workouts and maintain your streak\"";
				INFOPLIST_KEY_NSHealthUpdateUsageDescription = "\"UrsaFit needs permission to save your workouts to HealthKit\"";
				INFOPLIST_KEY_UIApplicationSceneManifest_Generation = YES;
				INFOPLIST_KEY_UIApplicationSupportsIndirectInputEvents = YES;
				INFOPLIST_KEY_UILaunchScreen_Generation = YES;
				INFOPLIST_KEY_UISupportedInterfaceOrientations = UIInterfaceOrientationPortrait;
				INFOPLIST_KEY_UISupportedInterfaceOrientations_iPad = "UIInterfaceOrientationLandscapeLeft UIInterfaceOrientationLandscapeRight UIInterfaceOrientationPortrait UIInterfaceOrientationPortraitUpsideDown";
				IPHONEOS_DEPLOYMENT_TARGET = 17.5;
				"IPHONEOS_DEPLOYMENT_TARGET[sdk=iphoneos*]" = 17.5;
				LD_RUNPATH_SEARCH_PATHS = (
					"$(inherited)",
					"@executable_path/Frameworks",
				);
				MARKETING_VERSION = 1.0;
				PRODUCT_BUNDLE_IDENTIFIER = COSC435.Ursafit;
				PRODUCT_NAME = "$(TARGET_NAME)";
				SUPPORTED_PLATFORMS = "iphoneos iphonesimulator";
				SUPPORTS_MACCATALYST = NO;
				SUPPORTS_MAC_DESIGNED_FOR_IPHONE_IPAD = NO;
				SUPPORTS_XR_DESIGNED_FOR_IPHONE_IPAD = NO;
				SWIFT_EMIT_LOC_STRINGS = YES;
				SWIFT_VERSION = 5.0;
				TARGETED_DEVICE_FAMILY = 1;
			};
			name = Release;
		};
		494C8F682CD05DD50025C3F8 /* Debug */ = {
			isa = XCBuildConfiguration;
			buildSettings = {
				ALWAYS_SEARCH_USER_PATHS = NO;
				ASSETCATALOG_COMPILER_GENERATE_SWIFT_ASSET_SYMBOL_EXTENSIONS = YES;
				CLANG_ANALYZER_NONNULL = YES;
				CLANG_ANALYZER_NUMBER_OBJECT_CONVERSION = YES_AGGRESSIVE;
				CLANG_CXX_LANGUAGE_STANDARD = "gnu++20";
				CLANG_ENABLE_MODULES = YES;
				CLANG_ENABLE_OBJC_ARC = YES;
				CLANG_ENABLE_OBJC_WEAK = YES;
				CLANG_WARN_BLOCK_CAPTURE_AUTORELEASING = YES;
				CLANG_WARN_BOOL_CONVERSION = YES;
				CLANG_WARN_COMMA = YES;
				CLANG_WARN_CONSTANT_CONVERSION = YES;
				CLANG_WARN_DEPRECATED_OBJC_IMPLEMENTATIONS = YES;
				CLANG_WARN_DIRECT_OBJC_ISA_USAGE = YES_ERROR;
				CLANG_WARN_DOCUMENTATION_COMMENTS = YES;
				CLANG_WARN_EMPTY_BODY = YES;
				CLANG_WARN_ENUM_CONVERSION = YES;
				CLANG_WARN_INFINITE_RECURSION = YES;
				CLANG_WARN_INT_CONVERSION = YES;
				CLANG_WARN_NON_LITERAL_NULL_CONVERSION = YES;
				CLANG_WARN_OBJC_IMPLICIT_RETAIN_SELF = YES;
				CLANG_WARN_OBJC_LITERAL_CONVERSION = YES;
				CLANG_WARN_OBJC_ROOT_CLASS = YES_ERROR;
				CLANG_WARN_QUOTED_INCLUDE_IN_FRAMEWORK_HEADER = YES;
				CLANG_WARN_RANGE_LOOP_ANALYSIS = YES;
				CLANG_WARN_STRICT_PROTOTYPES = YES;
				CLANG_WARN_SUSPICIOUS_MOVE = YES;
				CLANG_WARN_UNGUARDED_AVAILABILITY = YES_AGGRESSIVE;
				CLANG_WARN_UNREACHABLE_CODE = YES;
				CLANG_WARN__DUPLICATE_METHOD_MATCH = YES;
				COPY_PHASE_STRIP = NO;
				DEBUG_INFORMATION_FORMAT = dwarf;
				ENABLE_STRICT_OBJC_MSGSEND = YES;
				ENABLE_TESTABILITY = YES;
				ENABLE_USER_SCRIPT_SANDBOXING = YES;
				GCC_C_LANGUAGE_STANDARD = gnu17;
				GCC_DYNAMIC_NO_PIC = NO;
				GCC_NO_COMMON_BLOCKS = YES;
				GCC_OPTIMIZATION_LEVEL = 0;
				GCC_PREPROCESSOR_DEFINITIONS = (
					"DEBUG=1",
					"$(inherited)",
				);
				GCC_WARN_64_TO_32_BIT_CONVERSION = YES;
				GCC_WARN_ABOUT_RETURN_TYPE = YES_ERROR;
				GCC_WARN_UNDECLARED_SELECTOR = YES;
				GCC_WARN_UNINITIALIZED_AUTOS = YES_AGGRESSIVE;
				GCC_WARN_UNUSED_FUNCTION = YES;
				GCC_WARN_UNUSED_VARIABLE = YES;
				IPHONEOS_DEPLOYMENT_TARGET = 18.0;
				LOCALIZATION_PREFERS_STRING_CATALOGS = YES;
				MTL_ENABLE_DEBUG_INFO = INCLUDE_SOURCE;
				MTL_FAST_MATH = YES;
				ONLY_ACTIVE_ARCH = YES;
				SDKROOT = iphoneos;
				SWIFT_ACTIVE_COMPILATION_CONDITIONS = "DEBUG $(inherited)";
				SWIFT_OPTIMIZATION_LEVEL = "-Onone";
			};
			name = Debug;
		};
		494C8F692CD05DD50025C3F8 /* Release */ = {
			isa = XCBuildConfiguration;
			buildSettings = {
				ALWAYS_SEARCH_USER_PATHS = NO;
				ASSETCATALOG_COMPILER_GENERATE_SWIFT_ASSET_SYMBOL_EXTENSIONS = YES;
				CLANG_ANALYZER_NONNULL = YES;
				CLANG_ANALYZER_NUMBER_OBJECT_CONVERSION = YES_AGGRESSIVE;
				CLANG_CXX_LANGUAGE_STANDARD = "gnu++20";
				CLANG_ENABLE_MODULES = YES;
				CLANG_ENABLE_OBJC_ARC = YES;
				CLANG_ENABLE_OBJC_WEAK = YES;
				CLANG_WARN_BLOCK_CAPTURE_AUTORELEASING = YES;
				CLANG_WARN_BOOL_CONVERSION = YES;
				CLANG_WARN_COMMA = YES;
				CLANG_WARN_CONSTANT_CONVERSION = YES;
				CLANG_WARN_DEPRECATED_OBJC_IMPLEMENTATIONS = YES;
				CLANG_WARN_DIRECT_OBJC_ISA_USAGE = YES_ERROR;
				CLANG_WARN_DOCUMENTATION_COMMENTS = YES;
				CLANG_WARN_EMPTY_BODY = YES;
				CLANG_WARN_ENUM_CONVERSION = YES;
				CLANG_WARN_INFINITE_RECURSION = YES;
				CLANG_WARN_INT_CONVERSION = YES;
				CLANG_WARN_NON_LITERAL_NULL_CONVERSION = YES;
				CLANG_WARN_OBJC_IMPLICIT_RETAIN_SELF = YES;
				CLANG_WARN_OBJC_LITERAL_CONVERSION = YES;
				CLANG_WARN_OBJC_ROOT_CLASS = YES_ERROR;
				CLANG_WARN_QUOTED_INCLUDE_IN_FRAMEWORK_HEADER = YES;
				CLANG_WARN_RANGE_LOOP_ANALYSIS = YES;
				CLANG_WARN_STRICT_PROTOTYPES = YES;
				CLANG_WARN_SUSPICIOUS_MOVE = YES;
				CLANG_WARN_UNGUARDED_AVAILABILITY = YES_AGGRESSIVE;
				CLANG_WARN_UNREACHABLE_CODE = YES;
				CLANG_WARN__DUPLICATE_METHOD_MATCH = YES;
				COPY_PHASE_STRIP = NO;
				DEBUG_INFORMATION_FORMAT = "dwarf-with-dsym";
				ENABLE_NS_ASSERTIONS = NO;
				ENABLE_STRICT_OBJC_MSGSEND = YES;
				ENABLE_USER_SCRIPT_SANDBOXING = YES;
				GCC_C_LANGUAGE_STANDARD = gnu17;
				GCC_NO_COMMON_BLOCKS = YES;
				GCC_WARN_64_TO_32_BIT_CONVERSION = YES;
				GCC_WARN_ABOUT_RETURN_TYPE = YES_ERROR;
				GCC_WARN_UNDECLARED_SELECTOR = YES;
				GCC_WARN_UNINITIALIZED_AUTOS = YES_AGGRESSIVE;
				GCC_WARN_UNUSED_FUNCTION = YES;
				GCC_WARN_UNUSED_VARIABLE = YES;
				IPHONEOS_DEPLOYMENT_TARGET = 18.0;
				LOCALIZATION_PREFERS_STRING_CATALOGS = YES;
				MTL_ENABLE_DEBUG_INFO = NO;
				MTL_FAST_MATH = YES;
				SDKROOT = iphoneos;
				SWIFT_COMPILATION_MODE = wholemodule;
				VALIDATE_PRODUCT = YES;
			};
			name = Release;
		};
		494C8F6B2CD05DD50025C3F8 /* Debug */ = {
			isa = XCBuildConfiguration;
			buildSettings = {
				BUNDLE_LOADER = "$(TEST_HOST)";
				CODE_SIGN_STYLE = Automatic;
				CURRENT_PROJECT_VERSION = 1;
				DEVELOPMENT_TEAM = 7F84AMFD5K;
				GENERATE_INFOPLIST_FILE = YES;
				IPHONEOS_DEPLOYMENT_TARGET = 18.0;
				MARKETING_VERSION = 1.0;
				PRODUCT_BUNDLE_IDENTIFIER = COSC435.UrsafitTests;
				PRODUCT_NAME = "$(TARGET_NAME)";
				SWIFT_EMIT_LOC_STRINGS = NO;
				SWIFT_VERSION = 5.0;
				TARGETED_DEVICE_FAMILY = "1,2";
				TEST_HOST = "$(BUILT_PRODUCTS_DIR)/Ursafit.app/$(BUNDLE_EXECUTABLE_FOLDER_PATH)/Ursafit";
			};
			name = Debug;
		};
		494C8F6C2CD05DD50025C3F8 /* Release */ = {
			isa = XCBuildConfiguration;
			buildSettings = {
				BUNDLE_LOADER = "$(TEST_HOST)";
				CODE_SIGN_STYLE = Automatic;
				CURRENT_PROJECT_VERSION = 1;
				DEVELOPMENT_TEAM = 7F84AMFD5K;
				GENERATE_INFOPLIST_FILE = YES;
				IPHONEOS_DEPLOYMENT_TARGET = 18.0;
				MARKETING_VERSION = 1.0;
				PRODUCT_BUNDLE_IDENTIFIER = COSC435.UrsafitTests;
				PRODUCT_NAME = "$(TARGET_NAME)";
				SWIFT_EMIT_LOC_STRINGS = NO;
				SWIFT_VERSION = 5.0;
				TARGETED_DEVICE_FAMILY = "1,2";
				TEST_HOST = "$(BUILT_PRODUCTS_DIR)/Ursafit.app/$(BUNDLE_EXECUTABLE_FOLDER_PATH)/Ursafit";
			};
			name = Release;
		};
		494C8F6E2CD05DD50025C3F8 /* Debug */ = {
			isa = XCBuildConfiguration;
			buildSettings = {
				CODE_SIGN_STYLE = Automatic;
				CURRENT_PROJECT_VERSION = 1;
				DEVELOPMENT_TEAM = 7F84AMFD5K;
				GENERATE_INFOPLIST_FILE = YES;
				MARKETING_VERSION = 1.0;
				PRODUCT_BUNDLE_IDENTIFIER = COSC435.UrsafitUITests;
				PRODUCT_NAME = "$(TARGET_NAME)";
				SWIFT_EMIT_LOC_STRINGS = NO;
				SWIFT_VERSION = 5.0;
				TARGETED_DEVICE_FAMILY = "1,2";
				TEST_TARGET_NAME = Ursafit;
			};
			name = Debug;
		};
		494C8F6F2CD05DD50025C3F8 /* Release */ = {
			isa = XCBuildConfiguration;
			buildSettings = {
				CODE_SIGN_STYLE = Automatic;
				CURRENT_PROJECT_VERSION = 1;
				DEVELOPMENT_TEAM = 7F84AMFD5K;
				GENERATE_INFOPLIST_FILE = YES;
				MARKETING_VERSION = 1.0;
				PRODUCT_BUNDLE_IDENTIFIER = COSC435.UrsafitUITests;
				PRODUCT_NAME = "$(TARGET_NAME)";
				SWIFT_EMIT_LOC_STRINGS = NO;
				SWIFT_VERSION = 5.0;
				TARGETED_DEVICE_FAMILY = "1,2";
				TEST_TARGET_NAME = Ursafit;
			};
			name = Release;
		};
/* End XCBuildConfiguration section */

/* Begin XCConfigurationList section */
		494C8F392CD05DD30025C3F8 /* Build configuration list for PBXProject "Ursafit" */ = {
			isa = XCConfigurationList;
			buildConfigurations = (
				494C8F682CD05DD50025C3F8 /* Debug */,
				494C8F692CD05DD50025C3F8 /* Release */,
			);
			defaultConfigurationIsVisible = 0;
			defaultConfigurationName = Release;
		};
		494C8F652CD05DD50025C3F8 /* Build configuration list for PBXNativeTarget "Ursafit" */ = {
			isa = XCConfigurationList;
			buildConfigurations = (
				494C8F662CD05DD50025C3F8 /* Debug */,
				494C8F672CD05DD50025C3F8 /* Release */,
			);
			defaultConfigurationIsVisible = 0;
			defaultConfigurationName = Release;
		};
		494C8F6A2CD05DD50025C3F8 /* Build configuration list for PBXNativeTarget "UrsafitTests" */ = {
			isa = XCConfigurationList;
			buildConfigurations = (
				494C8F6B2CD05DD50025C3F8 /* Debug */,
				494C8F6C2CD05DD50025C3F8 /* Release */,
			);
			defaultConfigurationIsVisible = 0;
			defaultConfigurationName = Release;
		};
		494C8F6D2CD05DD50025C3F8 /* Build configuration list for PBXNativeTarget "UrsafitUITests" */ = {
			isa = XCConfigurationList;
			buildConfigurations = (
				494C8F6E2CD05DD50025C3F8 /* Debug */,
				494C8F6F2CD05DD50025C3F8 /* Release */,
			);
			defaultConfigurationIsVisible = 0;
			defaultConfigurationName = Release;
		};
/* End XCConfigurationList section */
	};
	rootObject = 494C8F362CD05DD30025C3F8 /* Project object */;
}
